
Microsoft Visual Studio Solution File, Format Version 12.00
# Visual Studio Version 16
VisualStudioVersion = 16.0.34902.97
MinimumVisualStudioVersion = 10.0.40219.1
Project("{FAE04EC0-301F-11D3-BF4B-00C04F79EFBC}") = "MiPrimerProyecto", "MiPrimerProyecto\MiPrimerProyecto.csproj", "{9874D20D-3BCF-4418-994E-4469BE2B5109}"
EndProject
Global
	GlobalSection(SolutionConfigurationPlatforms) = preSolution
		Debug|Any CPU = Debug|Any CPU
		Release|Any CPU = Release|Any CPU
	EndGlobalSection
	GlobalSection(ProjectConfigurationPlatforms) = postSolution
		{9874D20D-3BCF-4418-994E-4469BE2B5109}.Debug|Any CPU.ActiveCfg = Debug|Any CPU
		{9874D20D-3BCF-4418-994E-4469BE2B5109}.Debug|Any CPU.Build.0 = Debug|Any CPU
		{9874D20D-3BCF-4418-994E-4469BE2B5109}.Release|Any CPU.ActiveCfg = Release|Any CPU
		{9874D20D-3BCF-4418-994E-4469BE2B5109}.Release|Any CPU.Build.0 = Release|Any CPU
	EndGlobalSection
	GlobalSection(SolutionProperties) = preSolution
		HideSolutionNode = FALSE
	EndGlobalSection
	GlobalSection(ExtensibilityGlobals) = postSolution
		SolutionGuid = {82F3918B-0514-4E43-B711-19A8E7EBC5FD}
	EndGlobalSection
EndGlobal
